// !$*UTF8*$!
{
	archiveVersion = 1;
	classes = {
	};
	objectVersion = 50;
	objects = {

/* Begin PBXBuildFile section */
		195DE428268E6C9E00E84313 /* AppDelegate.swift in Sources */ = {isa = PBXBuildFile; fileRef = 195DE427268E6C9E00E84313 /* AppDelegate.swift */; };
		195DE42A268E6C9E00E84313 /* SceneDelegate.swift in Sources */ = {isa = PBXBuildFile; fileRef = 195DE429268E6C9E00E84313 /* SceneDelegate.swift */; };
		195DE42C268E6C9E00E84313 /* ViewController.swift in Sources */ = {isa = PBXBuildFile; fileRef = 195DE42B268E6C9E00E84313 /* ViewController.swift */; };
		195DE42F268E6C9E00E84313 /* Main.storyboard in Resources */ = {isa = PBXBuildFile; fileRef = 195DE42D268E6C9E00E84313 /* Main.storyboard */; };
		195DE431268E6CA000E84313 /* Assets.xcassets in Resources */ = {isa = PBXBuildFile; fileRef = 195DE430268E6CA000E84313 /* Assets.xcassets */; };
		195DE434268E6CA000E84313 /* LaunchScreen.storyboard in Resources */ = {isa = PBXBuildFile; fileRef = 195DE432268E6CA000E84313 /* LaunchScreen.storyboard */; };
		195DE43D268E918B00E84313 /* HomeViewController.swift in Sources */ = {isa = PBXBuildFile; fileRef = 195DE43C268E918B00E84313 /* HomeViewController.swift */; };
		195DE442268EAB2A00E84313 /* CHCSVParser.m in Sources */ = {isa = PBXBuildFile; fileRef = 195DE440268EAB2A00E84313 /* CHCSVParser.m */; };
/* End PBXBuildFile section */

/* Begin PBXFileReference section */
		195DE424268E6C9E00E84313 /* ARFaceDetection.app */ = {isa = PBXFileReference; explicitFileType = wrapper.application; includeInIndex = 0; path = ARFaceDetection.app; sourceTree = BUILT_PRODUCTS_DIR; };
		195DE427268E6C9E00E84313 /* AppDelegate.swift */ = {isa = PBXFileReference; lastKnownFileType = sourcecode.swift; path = AppDelegate.swift; sourceTree = "<group>"; };
		195DE429268E6C9E00E84313 /* SceneDelegate.swift */ = {isa = PBXFileReference; lastKnownFileType = sourcecode.swift; path = SceneDelegate.swift; sourceTree = "<group>"; };
		195DE42B268E6C9E00E84313 /* ViewController.swift */ = {isa = PBXFileReference; lastKnownFileType = sourcecode.swift; path = ViewController.swift; sourceTree = "<group>"; };
		195DE42E268E6C9E00E84313 /* Base */ = {isa = PBXFileReference; lastKnownFileType = file.storyboard; name = Base; path = Base.lproj/Main.storyboard; sourceTree = "<group>"; };
		195DE430268E6CA000E84313 /* Assets.xcassets */ = {isa = PBXFileReference; lastKnownFileType = folder.assetcatalog; path = Assets.xcassets; sourceTree = "<group>"; };
		195DE433268E6CA000E84313 /* Base */ = {isa = PBXFileReference; lastKnownFileType = file.storyboard; name = Base; path = Base.lproj/LaunchScreen.storyboard; sourceTree = "<group>"; };
		195DE435268E6CA000E84313 /* Info.plist */ = {isa = PBXFileReference; lastKnownFileType = text.plist.xml; path = Info.plist; sourceTree = "<group>"; };
		195DE43C268E918B00E84313 /* HomeViewController.swift */ = {isa = PBXFileReference; lastKnownFileType = sourcecode.swift; path = HomeViewController.swift; sourceTree = "<group>"; };
		195DE440268EAB2A00E84313 /* CHCSVParser.m */ = {isa = PBXFileReference; fileEncoding = 4; lastKnownFileType = sourcecode.c.objc; path = CHCSVParser.m; sourceTree = "<group>"; };
		195DE441268EAB2A00E84313 /* CHCSVParser.h */ = {isa = PBXFileReference; fileEncoding = 4; lastKnownFileType = sourcecode.c.h; path = CHCSVParser.h; sourceTree = "<group>"; };
/* End PBXFileReference section */

/* Begin PBXFrameworksBuildPhase section */
		195DE421268E6C9E00E84313 /* Frameworks */ = {
			isa = PBXFrameworksBuildPhase;
			buildActionMask = 2147483647;
			files = (
			);
			runOnlyForDeploymentPostprocessing = 0;
		};
/* End PBXFrameworksBuildPhase section */

/* Begin PBXGroup section */
		195DE41B268E6C9E00E84313 = {
			isa = PBXGroup;
			children = (
				195DE441268EAB2A00E84313 /* CHCSVParser.h */,
				195DE440268EAB2A00E84313 /* CHCSVParser.m */,
				195DE426268E6C9E00E84313 /* ARFaceDetection */,
				195DE425268E6C9E00E84313 /* Products */,
			);
			sourceTree = "<group>";
		};
		195DE425268E6C9E00E84313 /* Products */ = {
			isa = PBXGroup;
			children = (
				195DE424268E6C9E00E84313 /* ARFaceDetection.app */,
			);
			name = Products;
			sourceTree = "<group>";
		};
		195DE426268E6C9E00E84313 /* ARFaceDetection */ = {
			isa = PBXGroup;
			children = (
				195DE427268E6C9E00E84313 /* AppDelegate.swift */,
				195DE429268E6C9E00E84313 /* SceneDelegate.swift */,
				195DE42B268E6C9E00E84313 /* ViewController.swift */,
				195DE42D268E6C9E00E84313 /* Main.storyboard */,
				195DE43C268E918B00E84313 /* HomeViewController.swift */,
				195DE430268E6CA000E84313 /* Assets.xcassets */,
				195DE432268E6CA000E84313 /* LaunchScreen.storyboard */,
				195DE435268E6CA000E84313 /* Info.plist */,
			);
			path = ARFaceDetection;
			sourceTree = "<group>";
		};
/* End PBXGroup section */

/* Begin PBXNativeTarget section */
		195DE423268E6C9E00E84313 /* ARFaceDetection */ = {
			isa = PBXNativeTarget;
			buildConfigurationList = 195DE438268E6CA000E84313 /* Build configuration list for PBXNativeTarget "ARFaceDetection" */;
			buildPhases = (
				195DE420268E6C9E00E84313 /* Sources */,
				195DE421268E6C9E00E84313 /* Frameworks */,
				195DE422268E6C9E00E84313 /* Resources */,
			);
			buildRules = (
			);
			dependencies = (
			);
			name = ARFaceDetection;
			productName = ARFaceDetection;
			productReference = 195DE424268E6C9E00E84313 /* ARFaceDetection.app */;
			productType = "com.apple.product-type.application";
		};
/* End PBXNativeTarget section */

/* Begin PBXProject section */
		195DE41C268E6C9E00E84313 /* Project object */ = {
			isa = PBXProject;
			attributes = {
				LastSwiftUpdateCheck = 1240;
				LastUpgradeCheck = 1240;
				TargetAttributes = {
					195DE423268E6C9E00E84313 = {
						CreatedOnToolsVersion = 12.4;
						LastSwiftMigration = 1240;
					};
				};
			};
			buildConfigurationList = 195DE41F268E6C9E00E84313 /* Build configuration list for PBXProject "ARFaceDetection" */;
			compatibilityVersion = "Xcode 9.3";
			developmentRegion = en;
			hasScannedForEncodings = 0;
			knownRegions = (
				en,
				Base,
			);
			mainGroup = 195DE41B268E6C9E00E84313;
			productRefGroup = 195DE425268E6C9E00E84313 /* Products */;
			projectDirPath = "";
			projectRoot = "";
			targets = (
				195DE423268E6C9E00E84313 /* ARFaceDetection */,
			);
		};
/* End PBXProject section */

/* Begin PBXResourcesBuildPhase section */
		195DE422268E6C9E00E84313 /* Resources */ = {
			isa = PBXResourcesBuildPhase;
			buildActionMask = 2147483647;
			files = (
				195DE434268E6CA000E84313 /* LaunchScreen.storyboard in Resources */,
				195DE431268E6CA000E84313 /* Assets.xcassets in Resources */,
				195DE42F268E6C9E00E84313 /* Main.storyboard in Resources */,
			);
			runOnlyForDeploymentPostprocessing = 0;
		};
/* End PBXResourcesBuildPhase section */

/* Begin PBXSourcesBuildPhase section */
		195DE420268E6C9E00E84313 /* Sources */ = {
			isa = PBXSourcesBuildPhase;
			buildActionMask = 2147483647;
			files = (
				195DE42C268E6C9E00E84313 /* ViewController.swift in Sources */,
				195DE428268E6C9E00E84313 /* AppDelegate.swift in Sources */,
				195DE42A268E6C9E00E84313 /* SceneDelegate.swift in Sources */,
				195DE442268EAB2A00E84313 /* CHCSVParser.m in Sources */,
				195DE43D268E918B00E84313 /* HomeViewController.swift in Sources */,
			);
			runOnlyForDeploymentPostprocessing = 0;
		};
/* End PBXSourcesBuildPhase section */

/* Begin PBXVariantGroup section */
		195DE42D268E6C9E00E84313 /* Main.storyboard */ = {
			isa = PBXVariantGroup;
			children = (
				195DE42E268E6C9E00E84313 /* Base */,
			);
			name = Main.storyboard;
			sourceTree = "<group>";
		};
		195DE432268E6CA000E84313 /* LaunchScreen.storyboard */ = {
			isa = PBXVariantGroup;
			children = (
				195DE433268E6CA000E84313 /* Base */,
			);
			name = LaunchScreen.storyboard;
			sourceTree = "<group>";
		};
/* End PBXVariantGroup section */

/* Begin XCBuildConfiguration section */
		195DE436268E6CA000E84313 /* Debug */ = {
			isa = XCBuildConfiguration;
			buildSettings = {
				ALWAYS_SEARCH_USER_PATHS = NO;
				CLANG_ANALYZER_NONNULL = YES;
				CLANG_ANALYZER_NUMBER_OBJECT_CONVERSION = YES_AGGRESSIVE;
				CLANG_CXX_LANGUAGE_STANDARD = "gnu++14";
				CLANG_CXX_LIBRARY = "libc++";
				CLANG_ENABLE_MODULES = YES;
				CLANG_ENABLE_OBJC_ARC = YES;
				CLANG_ENABLE_OBJC_WEAK = YES;
				CLANG_WARN_BLOCK_CAPTURE_AUTORELEASING = YES;
				CLANG_WARN_BOOL_CONVERSION = YES;
				CLANG_WARN_COMMA = YES;
				CLANG_WARN_CONSTANT_CONVERSION = YES;
				CLANG_WARN_DEPRECATED_OBJC_IMPLEMENTATIONS = YES;
				CLANG_WARN_DIRECT_OBJC_ISA_USAGE = YES_ERROR;
				CLANG_WARN_DOCUMENTATION_COMMENTS = YES;
				CLANG_WARN_EMPTY_BODY = YES;
				CLANG_WARN_ENUM_CONVERSION = YES;
				CLANG_WARN_INFINITE_RECURSION = YES;
				CLANG_WARN_INT_CONVERSION = YES;
				CLANG_WARN_NON_LITERAL_NULL_CONVERSION = YES;
				CLANG_WARN_OBJC_IMPLICIT_RETAIN_SELF = YES;
				CLANG_WARN_OBJC_LITERAL_CONVERSION = YES;
				CLANG_WARN_OBJC_ROOT_CLASS = YES_ERROR;
				CLANG_WARN_QUOTED_INCLUDE_IN_FRAMEWORK_HEADER = YES;
				CLANG_WARN_RANGE_LOOP_ANALYSIS = YES;
				CLANG_WARN_STRICT_PROTOTYPES = YES;
				CLANG_WARN_SUSPICIOUS_MOVE = YES;
				CLANG_WARN_UNGUARDED_AVAILABILITY = YES_AGGRESSIVE;
				CLANG_WARN_UNREACHABLE_CODE = YES;
				CLANG_WARN__DUPLICATE_METHOD_MATCH = YES;
				COPY_PHASE_STRIP = NO;
				DEBUG_INFORMATION_FORMAT = dwarf;
				ENABLE_STRICT_OBJC_MSGSEND = YES;
				ENABLE_TESTABILITY = YES;
				GCC_C_LANGUAGE_STANDARD = gnu11;
				GCC_DYNAMIC_NO_PIC = NO;
				GCC_NO_COMMON_BLOCKS = YES;
				GCC_OPTIMIZATION_LEVEL = 0;
				GCC_PREPROCESSOR_DEFINITIONS = (
					"DEBUG=1",
					"$(inherited)",
				);
				GCC_WARN_64_TO_32_BIT_CONVERSION = YES;
				GCC_WARN_ABOUT_RETURN_TYPE = YES_ERROR;
				GCC_WARN_UNDECLARED_SELECTOR = YES;
				GCC_WARN_UNINITIALIZED_AUTOS = YES_AGGRESSIVE;
				GCC_WARN_UNUSED_FUNCTION = YES;
				GCC_WARN_UNUSED_VARIABLE = YES;
				IPHONEOS_DEPLOYMENT_TARGET = 14.4;
				MTL_ENABLE_DEBUG_INFO = INCLUDE_SOURCE;
				MTL_FAST_MATH = YES;
				ONLY_ACTIVE_ARCH = YES;
				SDKROOT = iphoneos;
				SWIFT_ACTIVE_COMPILATION_CONDITIONS = DEBUG;
				SWIFT_OPTIMIZATION_LEVEL = "-Onone";
			};
			name = Debug;
		};
		195DE437268E6CA000E84313 /* Release */ = {
			isa = XCBuildConfiguration;
			buildSettings = {
				ALWAYS_SEARCH_USER_PATHS = NO;
				CLANG_ANALYZER_NONNULL = YES;
				CLANG_ANALYZER_NUMBER_OBJECT_CONVERSION = YES_AGGRESSIVE;
				CLANG_CXX_LANGUAGE_STANDARD = "gnu++14";
				CLANG_CXX_LIBRARY = "libc++";
				CLANG_ENABLE_MODULES = YES;
				CLANG_ENABLE_OBJC_ARC = YES;
				CLANG_ENABLE_OBJC_WEAK = YES;
				CLANG_WARN_BLOCK_CAPTURE_AUTORELEASING = YES;
				CLANG_WARN_BOOL_CONVERSION = YES;
				CLANG_WARN_COMMA = YES;
				CLANG_WARN_CONSTANT_CONVERSION = YES;
				CLANG_WARN_DEPRECATED_OBJC_IMPLEMENTATIONS = YES;
				CLANG_WARN_DIRECT_OBJC_ISA_USAGE = YES_ERROR;
				CLANG_WARN_DOCUMENTATION_COMMENTS = YES;
				CLANG_WARN_EMPTY_BODY = YES;
				CLANG_WARN_ENUM_CONVERSION = YES;
				CLANG_WARN_INFINITE_RECURSION = YES;
				CLANG_WARN_INT_CONVERSION = YES;
				CLANG_WARN_NON_LITERAL_NULL_CONVERSION = YES;
				CLANG_WARN_OBJC_IMPLICIT_RETAIN_SELF = YES;
				CLANG_WARN_OBJC_LITERAL_CONVERSION = YES;
				CLANG_WARN_OBJC_ROOT_CLASS = YES_ERROR;
				CLANG_WARN_QUOTED_INCLUDE_IN_FRAMEWORK_HEADER = YES;
				CLANG_WARN_RANGE_LOOP_ANALYSIS = YES;
				CLANG_WARN_STRICT_PROTOTYPES = YES;
				CLANG_WARN_SUSPICIOUS_MOVE = YES;
				CLANG_WARN_UNGUARDED_AVAILABILITY = YES_AGGRESSIVE;
				CLANG_WARN_UNREACHABLE_CODE = YES;
				CLANG_WARN__DUPLICATE_METHOD_MATCH = YES;
				COPY_PHASE_STRIP = NO;
				DEBUG_INFORMATION_FORMAT = "dwarf-with-dsym";
				ENABLE_NS_ASSERTIONS = NO;
				ENABLE_STRICT_OBJC_MSGSEND = YES;
				GCC_C_LANGUAGE_STANDARD = gnu11;
				GCC_NO_COMMON_BLOCKS = YES;
				GCC_WARN_64_TO_32_BIT_CONVERSION = YES;
				GCC_WARN_ABOUT_RETURN_TYPE = YES_ERROR;
				GCC_WARN_UNDECLARED_SELECTOR = YES;
				GCC_WARN_UNINITIALIZED_AUTOS = YES_AGGRESSIVE;
				GCC_WARN_UNUSED_FUNCTION = YES;
				GCC_WARN_UNUSED_VARIABLE = YES;
				IPHONEOS_DEPLOYMENT_TARGET = 14.4;
				MTL_ENABLE_DEBUG_INFO = NO;
				MTL_FAST_MATH = YES;
				SDKROOT = iphoneos;
				SWIFT_COMPILATION_MODE = wholemodule;
				SWIFT_OPTIMIZATION_LEVEL = "-O";
				VALIDATE_PRODUCT = YES;
			};
			name = Release;
		};
		195DE439268E6CA000E84313 /* Debug */ = {
			isa = XCBuildConfiguration;
			buildSettings = {
				ASSETCATALOG_COMPILER_APPICON_NAME = AppIcon;
				ASSETCATALOG_COMPILER_GLOBAL_ACCENT_COLOR_NAME = AccentColor;
				CLANG_ENABLE_MODULES = YES;
				CODE_SIGN_STYLE = Automatic;
				CURRENT_PROJECT_VERSION = 3;
				DEVELOPMENT_TEAM = T4BX68JSYA;
				INFOPLIST_FILE = ARFaceDetection/Info.plist;
				LD_RUNPATH_SEARCH_PATHS = (
					"$(inherited)",
					"@executable_path/Frameworks",
				);
				PRODUCT_BUNDLE_IDENTIFIER = aayushshah.ARFaceDetection;
				PRODUCT_NAME = "$(TARGET_NAME)";
				SWIFT_OBJC_BRIDGING_HEADER = "ARFaceDetection-Bridging-Header.h";
				SWIFT_OPTIMIZATION_LEVEL = "-Onone";
				SWIFT_VERSION = 5.0;
				TARGETED_DEVICE_FAMILY = "1,2";
			};
			name = Debug;
		};
		195DE43A268E6CA000E84313 /* Release */ = {
			isa = XCBuildConfiguration;
			buildSettings = {
				ASSETCATALOG_COMPILER_APPICON_NAME = AppIcon;
				ASSETCATALOG_COMPILER_GLOBAL_ACCENT_COLOR_NAME = AccentColor;
				CLANG_ENABLE_MODULES = YES;
				CODE_SIGN_STYLE = Automatic;
				CURRENT_PROJECT_VERSION = 3;
				DEVELOPMENT_TEAM = T4BX68JSYA;
				INFOPLIST_FILE = ARFaceDetection/Info.plist;
				LD_RUNPATH_SEARCH_PATHS = (
					"$(inherited)",
					"@executable_path/Frameworks",
				);
				PRODUCT_BUNDLE_IDENTIFIER = aayushshah.ARFaceDetection;
				PRODUCT_NAME = "$(TARGET_NAME)";
				SWIFT_OBJC_BRIDGING_HEADER = "ARFaceDetection-Bridging-Header.h";
				SWIFT_VERSION = 5.0;
				TARGETED_DEVICE_FAMILY = "1,2";
			};
			name = Release;
		};
/* End XCBuildConfiguration section */

/* Begin XCConfigurationList section */
		195DE41F268E6C9E00E84313 /* Build configuration list for PBXProject "ARFaceDetection" */ = {
			isa = XCConfigurationList;
			buildConfigurations = (
				195DE436268E6CA000E84313 /* Debug */,
				195DE437268E6CA000E84313 /* Release */,
			);
			defaultConfigurationIsVisible = 0;
			defaultConfigurationName = Release;
		};
		195DE438268E6CA000E84313 /* Build configuration list for PBXNativeTarget "ARFaceDetection" */ = {
			isa = XCConfigurationList;
			buildConfigurations = (
				195DE439268E6CA000E84313 /* Debug */,
				195DE43A268E6CA000E84313 /* Release */,
			);
			defaultConfigurationIsVisible = 0;
			defaultConfigurationName = Release;
		};
/* End XCConfigurationList section */
	};
	rootObject = 195DE41C268E6C9E00E84313 /* Project object */;
}
